
Microsoft Visual Studio Solution File, Format Version 12.00
# Visual Studio 14
VisualStudioVersion = 14.0.25420.1
MinimumVisualStudioVersion = 10.0.40219.1
Project("{FAE04EC0-301F-11D3-BF4B-00C04F79EFBC}") = "Model", "Model.csproj", "{D6391545-8848-482B-A271-9A5A43115CCF}"
EndProject
Project("{FAE04EC0-301F-11D3-BF4B-00C04F79EFBC}") = "ViewModel", "ViewModel\ViewModel.csproj", "{C36BEEA3-A3E1-4FA8-9A16-D90A855B68B8}"
EndProject
Project("{FAE04EC0-301F-11D3-BF4B-00C04F79EFBC}") = "View", "..\View\View.csproj", "{AA093FFB-8703-4C17-AA07-45C60DD594C3}"
EndProject
Project("{FAE04EC0-301F-11D3-BF4B-00C04F79EFBC}") = "DataAccess", "..\DataAccess\DataAccess.csproj", "{77DF7AB6-3366-4449-8C25-C090F6EC228C}"
EndProject
Global
	GlobalSection(SolutionConfigurationPlatforms) = preSolution
		Debug|Any CPU = Debug|Any CPU
		Release|Any CPU = Release|Any CPU
	EndGlobalSection
	GlobalSection(ProjectConfigurationPlatforms) = postSolution
		{D6391545-8848-482B-A271-9A5A43115CCF}.Debug|Any CPU.ActiveCfg = Debug|Any CPU
		{D6391545-8848-482B-A271-9A5A43115CCF}.Debug|Any CPU.Build.0 = Debug|Any CPU
		{D6391545-8848-482B-A271-9A5A43115CCF}.Release|Any CPU.ActiveCfg = Release|Any CPU
		{D6391545-8848-482B-A271-9A5A43115CCF}.Release|Any CPU.Build.0 = Release|Any CPU
		{C36BEEA3-A3E1-4FA8-9A16-D90A855B68B8}.Debug|Any CPU.ActiveCfg = Debug|Any CPU
		{C36BEEA3-A3E1-4FA8-9A16-D90A855B68B8}.Debug|Any CPU.Build.0 = Debug|Any CPU
		{C36BEEA3-A3E1-4FA8-9A16-D90A855B68B8}.Release|Any CPU.ActiveCfg = Release|Any CPU
		{C36BEEA3-A3E1-4FA8-9A16-D90A855B68B8}.Release|Any CPU.Build.0 = Release|Any CPU
		{AA093FFB-8703-4C17-AA07-45C60DD594C3}.Debug|Any CPU.ActiveCfg = Debug|Any CPU
		{AA093FFB-8703-4C17-AA07-45C60DD594C3}.Debug|Any CPU.Build.0 = Debug|Any CPU
		{AA093FFB-8703-4C17-AA07-45C60DD594C3}.Release|Any CPU.ActiveCfg = Release|Any CPU
		{AA093FFB-8703-4C17-AA07-45C60DD594C3}.Release|Any CPU.Build.0 = Release|Any CPU
		{77DF7AB6-3366-4449-8C25-C090F6EC228C}.Debug|Any CPU.ActiveCfg = Debug|Any CPU
		{77DF7AB6-3366-4449-8C25-C090F6EC228C}.Debug|Any CPU.Build.0 = Debug|Any CPU
		{77DF7AB6-3366-4449-8C25-C090F6EC228C}.Release|Any CPU.ActiveCfg = Release|Any CPU
		{77DF7AB6-3366-4449-8C25-C090F6EC228C}.Release|Any CPU.Build.0 = Release|Any CPU
	EndGlobalSection
	GlobalSection(SolutionProperties) = preSolution
		HideSolutionNode = FALSE
	EndGlobalSection
EndGlobal
